Microsoft Visual Studio Solution File, Format Version 12.00
# Visual Studio Version 16
VisualStudioVersion = 16.0.28917.181
MinimumVisualStudioVersion = 10.0.40219.1
Project("{9A19103F-16F7-4668-BE54-9A1E7A4F7556}") = "EntityChange", "src\EntityChange\EntityChange.csproj", "{0258CAA6-11BC-4A8B-84AE-AB31AF240627}"
EndProject
Project("{9A19103F-16F7-4668-BE54-9A1E7A4F7556}") = "EntityChange.Tests", "test\EntityChange.Tests\EntityChange.Tests.csproj", "{4E1DB351-5BCF-4283-8F14-CFDDFD2B9574}"
EndProject
Project("{2150E333-8FDC-42A3-9474-1A3956D46DE8}") = "Build", "Build", "{F7DD2C1D-4D44-4972-8E2A-102F8B60B3E6}"
	ProjectSection(SolutionItems) = preProject
		appveyor.yml = appveyor.yml
		build\common.props = build\common.props
		build\sourcelink.props = build\sourcelink.props
		build\version.props = build\version.props
	EndProjectSection
EndProject
Global
	GlobalSection(SolutionConfigurationPlatforms) = preSolution
		Debug|Any CPU = Debug|Any CPU
		Release|Any CPU = Release|Any CPU
	EndGlobalSection
	GlobalSection(ProjectConfigurationPlatforms) = postSolution
		{0258CAA6-11BC-4A8B-84AE-AB31AF240627}.Debug|Any CPU.ActiveCfg = Debug|Any CPU
		{0258CAA6-11BC-4A8B-84AE-AB31AF240627}.Debug|Any CPU.Build.0 = Debug|Any CPU
		{0258CAA6-11BC-4A8B-84AE-AB31AF240627}.Release|Any CPU.ActiveCfg = Release|Any CPU
		{0258CAA6-11BC-4A8B-84AE-AB31AF240627}.Release|Any CPU.Build.0 = Release|Any CPU
		{4E1DB351-5BCF-4283-8F14-CFDDFD2B9574}.Debug|Any CPU.ActiveCfg = Debug|Any CPU
		{4E1DB351-5BCF-4283-8F14-CFDDFD2B9574}.Debug|Any CPU.Build.0 = Debug|Any CPU
		{4E1DB351-5BCF-4283-8F14-CFDDFD2B9574}.Release|Any CPU.ActiveCfg = Release|Any CPU
		{4E1DB351-5BCF-4283-8F14-CFDDFD2B9574}.Release|Any CPU.Build.0 = Release|Any CPU
	EndGlobalSection
	GlobalSection(SolutionProperties) = preSolution
		HideSolutionNode = FALSE
	EndGlobalSection
	GlobalSection(ExtensibilityGlobals) = postSolution
		SolutionGuid = {717B86A4-4E9C-4746-933C-F114E2F4345B}
	EndGlobalSection
EndGlobal
