
Microsoft Visual Studio Solution File, Format Version 12.00
# Visual Studio 14
VisualStudioVersion = 14.0.25123.0
MinimumVisualStudioVersion = 10.0.40219.1
Project("{FAE04EC0-301F-11D3-BF4B-00C04F79EFBC}") = "EntityChange", "EntityChange\EntityChange.csproj", "{0258CAA6-11BC-4A8B-84AE-AB31AF240627}"
EndProject
Project("{FAE04EC0-301F-11D3-BF4B-00C04F79EFBC}") = "EntityChange.Tests", "EntityChange.Tests\EntityChange.Tests.csproj", "{4E1DB351-5BCF-4283-8F14-CFDDFD2B9574}"
EndProject
Global
	GlobalSection(SolutionConfigurationPlatforms) = preSolution
		Debug|Any CPU = Debug|Any CPU
		Release|Any CPU = Release|Any CPU
	EndGlobalSection
	GlobalSection(ProjectConfigurationPlatforms) = postSolution
		{0258CAA6-11BC-4A8B-84AE-AB31AF240627}.Debug|Any CPU.ActiveCfg = Debug|Any CPU
		{0258CAA6-11BC-4A8B-84AE-AB31AF240627}.Debug|Any CPU.Build.0 = Debug|Any CPU
		{0258CAA6-11BC-4A8B-84AE-AB31AF240627}.Release|Any CPU.ActiveCfg = Release|Any CPU
		{0258CAA6-11BC-4A8B-84AE-AB31AF240627}.Release|Any CPU.Build.0 = Release|Any CPU
		{4E1DB351-5BCF-4283-8F14-CFDDFD2B9574}.Debug|Any CPU.ActiveCfg = Debug|Any CPU
		{4E1DB351-5BCF-4283-8F14-CFDDFD2B9574}.Debug|Any CPU.Build.0 = Debug|Any CPU
		{4E1DB351-5BCF-4283-8F14-CFDDFD2B9574}.Release|Any CPU.ActiveCfg = Release|Any CPU
		{4E1DB351-5BCF-4283-8F14-CFDDFD2B9574}.Release|Any CPU.Build.0 = Release|Any CPU
	EndGlobalSection
	GlobalSection(SolutionProperties) = preSolution
		HideSolutionNode = FALSE
	EndGlobalSection
EndGlobal
